
Microsoft Visual Studio Solution File, Format Version 12.00
# Visual Studio Version 17
VisualStudioVersion = 17.13.36105.23 d17.13
MinimumVisualStudioVersion = 10.0.40219.1
Project("{FAE04EC0-301F-11D3-BF4B-00C04F79EFBC}") = "ObiletCase", "ObiletCase\ObiletCase.csproj", "{BC877A3C-3CBD-43B9-9FE7-A7E8B2D63EB7}"
EndProject
Global
	GlobalSection(SolutionConfigurationPlatforms) = preSolution
		Debug|Any CPU = Debug|Any CPU
		Release|Any CPU = Release|Any CPU
	EndGlobalSection
	GlobalSection(ProjectConfigurationPlatforms) = postSolution
		{BC877A3C-3CBD-43B9-9FE7-A7E8B2D63EB7}.Debug|Any CPU.ActiveCfg = Debug|Any CPU
		{BC877A3C-3CBD-43B9-9FE7-A7E8B2D63EB7}.Debug|Any CPU.Build.0 = Debug|Any CPU
		{BC877A3C-3CBD-43B9-9FE7-A7E8B2D63EB7}.Release|Any CPU.ActiveCfg = Release|Any CPU
		{BC877A3C-3CBD-43B9-9FE7-A7E8B2D63EB7}.Release|Any CPU.Build.0 = Release|Any CPU
	EndGlobalSection
	GlobalSection(SolutionProperties) = preSolution
		HideSolutionNode = FALSE
	EndGlobalSection
	GlobalSection(ExtensibilityGlobals) = postSolution
		SolutionGuid = {D0981D05-5E8C-423E-826F-F2CC8E48D948}
	EndGlobalSection
EndGlobal
